
Microsoft Visual Studio Solution File, Format Version 12.00
# Visual Studio Version 16
VisualStudioVersion = 16.0.31313.381
MinimumVisualStudioVersion = 10.0.40219.1
Project("{9A19103F-16F7-4668-BE54-9A1E7A4F7556}") = "vaYolo", "vaYolo.csproj", "{881BBF07-6E2A-4B9E-AFF5-F281F73EDEDD}"
EndProject
Global
	GlobalSection(SolutionConfigurationPlatforms) = preSolution
		Debug|Any CPU = Debug|Any CPU
		Release|Any CPU = Release|Any CPU
	EndGlobalSection
	GlobalSection(ProjectConfigurationPlatforms) = postSolution
		{881BBF07-6E2A-4B9E-AFF5-F281F73EDEDD}.Debug|Any CPU.ActiveCfg = Debug|Any CPU
		{881BBF07-6E2A-4B9E-AFF5-F281F73EDEDD}.Debug|Any CPU.Build.0 = Debug|Any CPU
		{881BBF07-6E2A-4B9E-AFF5-F281F73EDEDD}.Release|Any CPU.ActiveCfg = Release|Any CPU
		{881BBF07-6E2A-4B9E-AFF5-F281F73EDEDD}.Release|Any CPU.Build.0 = Release|Any CPU
	EndGlobalSection
	GlobalSection(SolutionProperties) = preSolution
		HideSolutionNode = FALSE
	EndGlobalSection
	GlobalSection(ExtensibilityGlobals) = postSolution
		SolutionGuid = {D06236B2-7E4A-4E86-9743-83D802E53D77}
	EndGlobalSection
EndGlobal
